{
  "requires": true,
  "lockfileVersion": 1,
  "dependencies": {
    "@swup/debug-plugin": {
      "version": "1.0.3",
      "resolved": "https://registry.npmjs.org/@swup/debug-plugin/-/debug-plugin-1.0.3.tgz",
      "integrity": "sha512-uSGrrI0Z4yLvUIYUNAzOGFgotJgjdXPGYCZ/WVGUdkBUWO8rWfSkDi+qCp2V8AdPGFc9TNq8bcR4zO0FPJ+C5g==",
      "requires": {
        "@swup/plugin": "^1.0.0"
      }
    },
    "@swup/plugin": {
      "version": "1.0.1",
      "resolved": "https://registry.npmjs.org/@swup/plugin/-/plugin-1.0.1.tgz",
      "integrity": "sha512-QrTGn1DLx+50CNsk6oGzUFnyNyLkDK6iLb032qKImmAXS+0Dd1cwa8cSGvJ+I27J4qR8y6oJNurgHIEc6ZCTrg=="
    }
  }
}
